#MicroXplorer Configuration settings - do not modify
ADC2.Channel-0\#ChannelRegularConversion=ADC_CHANNEL_4
ADC2.Channel-1\#ChannelRegularConversion=ADC_CHANNEL_5
ADC2.Channel-2\#ChannelRegularConversion=ADC_CHANNEL_11
ADC2.Channel-3\#ChannelRegularConversion=ADC_CHANNEL_12
ADC2.CommonPathInternal=null|null|null|null
ADC2.ContinuousConvMode=ENABLE
ADC2.DMAContinuousRequests=ENABLE
ADC2.ExternalTrigConv=ADC_EXTERNALTRIG_HRTIM_TRG1
ADC2.IPParameters=Rank-0\#ChannelRegularConversion,Channel-0\#ChannelRegularConversion,SamplingTime-0\#ChannelRegularConversion,OffsetNumber-0\#ChannelRegularConversion,NbrOfConversionFlag,Rank-1\#ChannelRegularConversion,Channel-1\#ChannelRegularConversion,SamplingTime-1\#ChannelRegularConversion,OffsetNumber-1\#ChannelRegularConversion,NbrOfConversion,ExternalTrigConv,ContinuousConvMode,DMAContinuousRequests,Overrun,Rank-2\#ChannelRegularConversion,Channel-2\#ChannelRegularConversion,SamplingTime-2\#ChannelRegularConversion,OffsetNumber-2\#ChannelRegularConversion,Rank-3\#ChannelRegularConversion,Channel-3\#ChannelRegularConversion,SamplingTime-3\#ChannelRegularConversion,OffsetNumber-3\#ChannelRegularConversion,CommonPathInternal
ADC2.NbrOfConversion=4
ADC2.NbrOfConversionFlag=1
ADC2.OffsetNumber-0\#ChannelRegularConversion=ADC_OFFSET_NONE
ADC2.OffsetNumber-1\#ChannelRegularConversion=ADC_OFFSET_NONE
ADC2.OffsetNumber-2\#ChannelRegularConversion=ADC_OFFSET_NONE
ADC2.OffsetNumber-3\#ChannelRegularConversion=ADC_OFFSET_NONE
ADC2.Overrun=ADC_OVR_DATA_OVERWRITTEN
ADC2.Rank-0\#ChannelRegularConversion=1
ADC2.Rank-1\#ChannelRegularConversion=2
ADC2.Rank-2\#ChannelRegularConversion=3
ADC2.Rank-3\#ChannelRegularConversion=4
ADC2.SamplingTime-0\#ChannelRegularConversion=ADC_SAMPLETIME_47CYCLES_5
ADC2.SamplingTime-1\#ChannelRegularConversion=ADC_SAMPLETIME_47CYCLES_5
ADC2.SamplingTime-2\#ChannelRegularConversion=ADC_SAMPLETIME_47CYCLES_5
ADC2.SamplingTime-3\#ChannelRegularConversion=ADC_SAMPLETIME_47CYCLES_5
ADC3.Channel-0\#ChannelRegularConversion=ADC_CHANNEL_1
ADC3.Channel-1\#ChannelRegularConversion=ADC_CHANNEL_5
ADC3.Channel-2\#ChannelRegularConversion=ADC_CHANNEL_12
ADC3.CommonPathInternal=null|null|null|null
ADC3.ContinuousConvMode=ENABLE
ADC3.DMAContinuousRequests=ENABLE
ADC3.ExternalTrigConv=ADC_EXTERNALTRIG_HRTIM_TRG1
ADC3.IPParameters=Rank-0\#ChannelRegularConversion,Channel-0\#ChannelRegularConversion,SamplingTime-0\#ChannelRegularConversion,OffsetNumber-0\#ChannelRegularConversion,NbrOfConversionFlag,ContinuousConvMode,DMAContinuousRequests,Rank-1\#ChannelRegularConversion,Channel-1\#ChannelRegularConversion,SamplingTime-1\#ChannelRegularConversion,OffsetNumber-1\#ChannelRegularConversion,NbrOfConversion,ExternalTrigConv,master,Rank-2\#ChannelRegularConversion,Channel-2\#ChannelRegularConversion,SamplingTime-2\#ChannelRegularConversion,OffsetNumber-2\#ChannelRegularConversion,CommonPathInternal
ADC3.NbrOfConversion=3
ADC3.NbrOfConversionFlag=1
ADC3.OffsetNumber-0\#ChannelRegularConversion=ADC_OFFSET_NONE
ADC3.OffsetNumber-1\#ChannelRegularConversion=ADC_OFFSET_NONE
ADC3.OffsetNumber-2\#ChannelRegularConversion=ADC_OFFSET_NONE
ADC3.Rank-0\#ChannelRegularConversion=1
ADC3.Rank-1\#ChannelRegularConversion=2
ADC3.Rank-2\#ChannelRegularConversion=3
ADC3.SamplingTime-0\#ChannelRegularConversion=ADC_SAMPLETIME_92CYCLES_5
ADC3.SamplingTime-1\#ChannelRegularConversion=ADC_SAMPLETIME_92CYCLES_5
ADC3.SamplingTime-2\#ChannelRegularConversion=ADC_SAMPLETIME_92CYCLES_5
ADC3.master=1
ADC4.Channel-0\#ChannelRegularConversion=ADC_CHANNEL_3
ADC4.Channel-1\#ChannelRegularConversion=ADC_CHANNEL_4
ADC4.Channel-2\#ChannelRegularConversion=ADC_CHANNEL_5
ADC4.CommonPathInternal=null|null|null|null
ADC4.ContinuousConvMode=ENABLE
ADC4.DMAContinuousRequests=ENABLE
ADC4.ExternalTrigConv=ADC_EXTERNALTRIG_HRTIM_TRG1
ADC4.IPParameters=Rank-0\#ChannelRegularConversion,Channel-0\#ChannelRegularConversion,SamplingTime-0\#ChannelRegularConversion,OffsetNumber-0\#ChannelRegularConversion,NbrOfConversionFlag,ContinuousConvMode,DMAContinuousRequests,Rank-1\#ChannelRegularConversion,Channel-1\#ChannelRegularConversion,SamplingTime-1\#ChannelRegularConversion,OffsetNumber-1\#ChannelRegularConversion,Rank-2\#ChannelRegularConversion,Channel-2\#ChannelRegularConversion,SamplingTime-2\#ChannelRegularConversion,OffsetNumber-2\#ChannelRegularConversion,NbrOfConversion,ExternalTrigConv,CommonPathInternal
ADC4.NbrOfConversion=3
ADC4.NbrOfConversionFlag=1
ADC4.OffsetNumber-0\#ChannelRegularConversion=ADC_OFFSET_NONE
ADC4.OffsetNumber-1\#ChannelRegularConversion=ADC_OFFSET_NONE
ADC4.OffsetNumber-2\#ChannelRegularConversion=ADC_OFFSET_NONE
ADC4.Rank-0\#ChannelRegularConversion=1
ADC4.Rank-1\#ChannelRegularConversion=2
ADC4.Rank-2\#ChannelRegularConversion=3
ADC4.SamplingTime-0\#ChannelRegularConversion=ADC_SAMPLETIME_12CYCLES_5
ADC4.SamplingTime-1\#ChannelRegularConversion=ADC_SAMPLETIME_12CYCLES_5
ADC4.SamplingTime-2\#ChannelRegularConversion=ADC_SAMPLETIME_12CYCLES_5
ADC5.Channel-0\#ChannelRegularConversion=ADC_CHANNEL_1
ADC5.Channel-1\#ChannelRegularConversion=ADC_CHANNEL_2
ADC5.CommonPathInternal=null|null|null|null
ADC5.ExternalTrigConv=ADC_EXTERNALTRIG_HRTIM_TRG1
ADC5.IPParameters=Rank-0\#ChannelRegularConversion,Channel-0\#ChannelRegularConversion,SamplingTime-0\#ChannelRegularConversion,OffsetNumber-0\#ChannelRegularConversion,NbrOfConversionFlag,Rank-1\#ChannelRegularConversion,Channel-1\#ChannelRegularConversion,SamplingTime-1\#ChannelRegularConversion,OffsetNumber-1\#ChannelRegularConversion,NbrOfConversion,ExternalTrigConv,CommonPathInternal
ADC5.NbrOfConversion=2
ADC5.NbrOfConversionFlag=1
ADC5.OffsetNumber-0\#ChannelRegularConversion=ADC_OFFSET_NONE
ADC5.OffsetNumber-1\#ChannelRegularConversion=ADC_OFFSET_NONE
ADC5.Rank-0\#ChannelRegularConversion=1
ADC5.Rank-1\#ChannelRegularConversion=2
ADC5.SamplingTime-0\#ChannelRegularConversion=ADC_SAMPLETIME_12CYCLES_5
ADC5.SamplingTime-1\#ChannelRegularConversion=ADC_SAMPLETIME_12CYCLES_5
CAD.formats=
CAD.pinconfig=
CAD.provider=
Dma.ADC2.0.Direction=DMA_PERIPH_TO_MEMORY
Dma.ADC2.0.EventEnable=DISABLE
Dma.ADC2.0.Instance=DMA1_Channel2
Dma.ADC2.0.MemDataAlignment=DMA_MDATAALIGN_HALFWORD
Dma.ADC2.0.MemInc=DMA_MINC_ENABLE
Dma.ADC2.0.Mode=DMA_CIRCULAR
Dma.ADC2.0.PeriphDataAlignment=DMA_PDATAALIGN_HALFWORD
Dma.ADC2.0.PeriphInc=DMA_PINC_DISABLE
Dma.ADC2.0.Polarity=HAL_DMAMUX_REQ_GEN_RISING
Dma.ADC2.0.Priority=DMA_PRIORITY_LOW
Dma.ADC2.0.RequestNumber=1
Dma.ADC2.0.RequestParameters=Instance,Direction,PeriphInc,MemInc,PeriphDataAlignment,MemDataAlignment,Mode,Priority,SignalID,Polarity,RequestNumber,SyncSignalID,SyncPolarity,SyncEnable,EventEnable,SyncRequestNumber
Dma.ADC2.0.SignalID=NONE
Dma.ADC2.0.SyncEnable=DISABLE
Dma.ADC2.0.SyncPolarity=HAL_DMAMUX_SYNC_NO_EVENT
Dma.ADC2.0.SyncRequestNumber=1
Dma.ADC2.0.SyncSignalID=NONE
Dma.ADC3.1.Direction=DMA_PERIPH_TO_MEMORY
Dma.ADC3.1.EventEnable=DISABLE
Dma.ADC3.1.Instance=DMA1_Channel3
Dma.ADC3.1.MemDataAlignment=DMA_MDATAALIGN_HALFWORD
Dma.ADC3.1.MemInc=DMA_MINC_ENABLE
Dma.ADC3.1.Mode=DMA_CIRCULAR
Dma.ADC3.1.PeriphDataAlignment=DMA_PDATAALIGN_HALFWORD
Dma.ADC3.1.PeriphInc=DMA_PINC_DISABLE
Dma.ADC3.1.Polarity=HAL_DMAMUX_REQ_GEN_RISING
Dma.ADC3.1.Priority=DMA_PRIORITY_LOW
Dma.ADC3.1.RequestNumber=1
Dma.ADC3.1.RequestParameters=Instance,Direction,PeriphInc,MemInc,PeriphDataAlignment,MemDataAlignment,Mode,Priority,SignalID,Polarity,RequestNumber,SyncSignalID,SyncPolarity,SyncEnable,EventEnable,SyncRequestNumber
Dma.ADC3.1.SignalID=NONE
Dma.ADC3.1.SyncEnable=DISABLE
Dma.ADC3.1.SyncPolarity=HAL_DMAMUX_SYNC_NO_EVENT
Dma.ADC3.1.SyncRequestNumber=1
Dma.ADC3.1.SyncSignalID=NONE
Dma.ADC4.2.Direction=DMA_PERIPH_TO_MEMORY
Dma.ADC4.2.EventEnable=DISABLE
Dma.ADC4.2.Instance=DMA1_Channel4
Dma.ADC4.2.MemDataAlignment=DMA_MDATAALIGN_HALFWORD
Dma.ADC4.2.MemInc=DMA_MINC_ENABLE
Dma.ADC4.2.Mode=DMA_CIRCULAR
Dma.ADC4.2.PeriphDataAlignment=DMA_PDATAALIGN_HALFWORD
Dma.ADC4.2.PeriphInc=DMA_PINC_DISABLE
Dma.ADC4.2.Polarity=HAL_DMAMUX_REQ_GEN_RISING
Dma.ADC4.2.Priority=DMA_PRIORITY_LOW
Dma.ADC4.2.RequestNumber=1
Dma.ADC4.2.RequestParameters=Instance,Direction,PeriphInc,MemInc,PeriphDataAlignment,MemDataAlignment,Mode,Priority,SignalID,Polarity,RequestNumber,SyncSignalID,SyncPolarity,SyncEnable,EventEnable,SyncRequestNumber
Dma.ADC4.2.SignalID=NONE
Dma.ADC4.2.SyncEnable=DISABLE
Dma.ADC4.2.SyncPolarity=HAL_DMAMUX_SYNC_NO_EVENT
Dma.ADC4.2.SyncRequestNumber=1
Dma.ADC4.2.SyncSignalID=NONE
Dma.ADC5.3.Direction=DMA_PERIPH_TO_MEMORY
Dma.ADC5.3.EventEnable=DISABLE
Dma.ADC5.3.Instance=DMA1_Channel5
Dma.ADC5.3.MemDataAlignment=DMA_MDATAALIGN_HALFWORD
Dma.ADC5.3.MemInc=DMA_MINC_ENABLE
Dma.ADC5.3.Mode=DMA_CIRCULAR
Dma.ADC5.3.PeriphDataAlignment=DMA_PDATAALIGN_HALFWORD
Dma.ADC5.3.PeriphInc=DMA_PINC_DISABLE
Dma.ADC5.3.Polarity=HAL_DMAMUX_REQ_GEN_RISING
Dma.ADC5.3.Priority=DMA_PRIORITY_LOW
Dma.ADC5.3.RequestNumber=1
Dma.ADC5.3.RequestParameters=Instance,Direction,PeriphInc,MemInc,PeriphDataAlignment,MemDataAlignment,Mode,Priority,SignalID,Polarity,RequestNumber,SyncSignalID,SyncPolarity,SyncEnable,EventEnable,SyncRequestNumber
Dma.ADC5.3.SignalID=NONE
Dma.ADC5.3.SyncEnable=DISABLE
Dma.ADC5.3.SyncPolarity=HAL_DMAMUX_SYNC_NO_EVENT
Dma.ADC5.3.SyncRequestNumber=1
Dma.ADC5.3.SyncSignalID=NONE
Dma.Request0=ADC2
Dma.Request1=ADC3
Dma.Request2=ADC4
Dma.Request3=ADC5
Dma.RequestsNb=4
File.Version=6
GPIO.groupedBy=Group By Peripherals
HRTIM1.ADCTrigger1_Source1=HRTIM_ADCTRIGGEREVENT13_MASTER_PERIOD
HRTIM1.ADCTrigger_Id1=HRTIM_ADCTRIGGER_1
HRTIM1.ADCTrigger_Id2=__NULL
HRTIM1.CompareUnit1-MasterTimer=HRTIM_COMPAREUNIT_1
HRTIM1.CompareUnit1-Output_TB1TB2=HRTIM_COMPAREUNIT_1
HRTIM1.CompareUnit1-Output_TE1TE2=HRTIM_COMPAREUNIT_1
HRTIM1.CompareUnit1-Output_TF1TF2=HRTIM_COMPAREUNIT_1
HRTIM1.CompareUnit2-MasterTimer=HRTIM_COMPAREUNIT_2
HRTIM1.CompareUnit2-Output_TB1TB2=__NULL
HRTIM1.CompareUnit2-Output_TE1TE2=__NULL
HRTIM1.CompareUnit3-MasterTimer=HRTIM_COMPAREUNIT_3
HRTIM1.CompareUnit3-Output_TB1TB2=HRTIM_COMPAREUNIT_3
HRTIM1.CompareUnit3-Output_TE1TE2=HRTIM_COMPAREUNIT_3
HRTIM1.CompareUnit3-Output_TF1TF2=HRTIM_COMPAREUNIT_3
HRTIM1.CompareUnit4-MasterTimer=HRTIM_COMPAREUNIT_4
HRTIM1.CompareValue1-Output_TB1TB2=6
HRTIM1.CompareValue1-Output_TE1TE2=6
HRTIM1.CompareValue1-Output_TF1TF2=6
HRTIM1.CompareValue3-Output_TB1TB2=6
HRTIM1.CompareValue3-Output_TE1TE2=6
HRTIM1.CompareValue3-Output_TF1TF2=6
HRTIM1.DeadTimeInsertion-Output_TB1TB2=HRTIM_TIMDEADTIMEINSERTION_ENABLED
HRTIM1.DeadTimeInsertion-Output_TE1TE2=HRTIM_TIMDEADTIMEINSERTION_ENABLED
HRTIM1.DeadTimeInsertion-Output_TF1TF2=HRTIM_TIMDEADTIMEINSERTION_ENABLED
HRTIM1.Deadtimeconfig-Output_TE1TE2=HRTIM_TIMERINDEX_TIMER_E
HRTIM1.Deadtimeconfig-Output_TF1TF2=HRTIM_TIMERINDEX_TIMER_F
HRTIM1.FallingValue-Output_TB1TB2=300
HRTIM1.FallingValue-Output_TE1TE2=300
HRTIM1.FallingValue-Output_TF1TF2=300
HRTIM1.GreaterCMP1_TB=HRTIM_TIMERGTCMP1_EQUAL
HRTIM1.GreaterCMP3_TB=HRTIM_TIMERGTCMP3_EQUAL
HRTIM1.IPParameters=ADCTrigger_Id1,ORingUpdateSource_ADCTrigger1,NumberADCTriggerSource1,CompareUnit1-MasterTimer,CompareUnit2-MasterTimer,CompareUnit3-MasterTimer,CompareUnit4-MasterTimer,ADCTrigger_Id2,ADCTrigger1_Source1,Periode_MASTER,InterleavedMode-MasterTimer,RepetitionUpdate-MasterTimer,PreloadEnable-MasterTimer,NumberInterruptRequests_Master-MasterTimer,PrescalerRatio_MASTER,UpDownMode-Output_TE1TE2,Periode_TE,RepetitionUpdate-Output_TE1TE2,PreloadEnable-Output_TE1TE2,NumberResetTrigger-Output_TE1TE2,Deadtimeconfig-Output_TE1TE2,RisingValue-Output_TE1TE2,FallingValue-Output_TE1TE2,NumberSetSource1-Output_TE1TE2,NumberSetSource2_TE,Periode_TF,UpDownMode-Output_TF1TF2,PreloadEnable-Output_TF1TF2,RepetitionUpdate-Output_TF1TF2,NumberSetSource1-Output_TF1TF2,NumberResetSource2_TE,SetOutput1_Source1-Output_TF1TF2,NumberResetSource1-Output_TF1TF2,ResetOutput1_Source1-Output_TF1TF2,Deadtimeconfig-Output_TF1TF2,RisingValue-Output_TF1TF2,FallingValue-Output_TF1TF2,SetOutput1_Source1-Output_TE1TE2,NumberResetSource1-Output_TE1TE2,ResetOutput1_Source1-Output_TE1TE2,PrescalerRatio_TF,PrescalerRatio_TE,DeadTimeInsertion-Output_TE1TE2,DeadTimeInsertion-Output_TF1TF2,NumberResetTrigger-Output_TF1TF2,ResetTrigger1-Output_TF1TF2,ResetTrigger1-Output_TE1TE2,Periode_TB,PrescalerRatio_TB,PreloadEnable-Output_TB1TB2,RepetitionUpdate-Output_TB1TB2,DeadTimeInsertion-Output_TB1TB2,NumberResetTrigger-Output_TB1TB2,ResetTrigger1-Output_TB1TB2,RisingValue-Output_TB1TB2,FallingValue-Output_TB1TB2,NumberSetSource1-Output_TB1TB2,CompareUnit1-Output_TB1TB2,SetOutput1_Source1-Output_TB1TB2,NumberResetSource1-Output_TB1TB2,CompareUnit2-Output_TB1TB2,CompareValue1-Output_TB1TB2,CompareUnit3-Output_TB1TB2,CompareValue3-Output_TB1TB2,ResetOutput1_Source1-Output_TB1TB2,GreaterCMP1_TB,GreaterCMP3_TB,UpDownMode-Output_TB1TB2,CompareUnit1-Output_TE1TE2,CompareValue1-Output_TE1TE2,CompareUnit2-Output_TE1TE2,CompareUnit3-Output_TE1TE2,CompareValue3-Output_TE1TE2,CompareUnit1-Output_TF1TF2,CompareValue1-Output_TF1TF2,CompareUnit3-Output_TF1TF2,CompareValue3-Output_TF1TF2,ModeTimeBase-MasterTimer
HRTIM1.InterleavedMode-MasterTimer=HRTIM_INTERLEAVED_MODE_DISABLED
HRTIM1.ModeTimeBase-MasterTimer=HRTIM_MODE_CONTINUOUS
HRTIM1.NumberADCTriggerSource1=1
HRTIM1.NumberInterruptRequests_Master-MasterTimer=0
HRTIM1.NumberResetSource1-Output_TB1TB2=1
HRTIM1.NumberResetSource1-Output_TE1TE2=1
HRTIM1.NumberResetSource1-Output_TF1TF2=1
HRTIM1.NumberResetSource2_TE=0
HRTIM1.NumberResetTrigger-Output_TB1TB2=1
HRTIM1.NumberResetTrigger-Output_TE1TE2=1
HRTIM1.NumberResetTrigger-Output_TF1TF2=1
HRTIM1.NumberSetSource1-Output_TB1TB2=1
HRTIM1.NumberSetSource1-Output_TE1TE2=1
HRTIM1.NumberSetSource1-Output_TF1TF2=1
HRTIM1.NumberSetSource2_TE=0
HRTIM1.ORingUpdateSource_ADCTrigger1=HRTIM_ADCTRIGGERUPDATE_TIMER_B
HRTIM1.Periode_MASTER=54400
HRTIM1.Periode_TB=54400
HRTIM1.Periode_TE=54400
HRTIM1.Periode_TF=54400
HRTIM1.PreloadEnable-MasterTimer=HRTIM_PRELOAD_ENABLED
HRTIM1.PreloadEnable-Output_TB1TB2=HRTIM_PRELOAD_ENABLED
HRTIM1.PreloadEnable-Output_TE1TE2=HRTIM_PRELOAD_ENABLED
HRTIM1.PreloadEnable-Output_TF1TF2=HRTIM_PRELOAD_ENABLED
HRTIM1.PrescalerRatio_MASTER=HRTIM_PRESCALERRATIO_MUL16
HRTIM1.PrescalerRatio_TB=HRTIM_PRESCALERRATIO_MUL16
HRTIM1.PrescalerRatio_TE=HRTIM_PRESCALERRATIO_MUL16
HRTIM1.PrescalerRatio_TF=HRTIM_PRESCALERRATIO_MUL16
HRTIM1.RepetitionUpdate-MasterTimer=HRTIM_UPDATEONREPETITION_ENABLED
HRTIM1.RepetitionUpdate-Output_TB1TB2=HRTIM_UPDATEONREPETITION_ENABLED
HRTIM1.RepetitionUpdate-Output_TE1TE2=HRTIM_UPDATEONREPETITION_ENABLED
HRTIM1.RepetitionUpdate-Output_TF1TF2=HRTIM_UPDATEONREPETITION_ENABLED
HRTIM1.ResetOutput1_Source1-Output_TB1TB2=HRTIM_OUTPUTRESET_TIMCMP3
HRTIM1.ResetOutput1_Source1-Output_TE1TE2=HRTIM_OUTPUTRESET_TIMCMP3
HRTIM1.ResetOutput1_Source1-Output_TF1TF2=HRTIM_OUTPUTRESET_TIMCMP3
HRTIM1.ResetTrigger1-Output_TB1TB2=HRTIM_TIMRESETTRIGGER_MASTER_PER
HRTIM1.ResetTrigger1-Output_TE1TE2=HRTIM_TIMRESETTRIGGER_MASTER_PER
HRTIM1.ResetTrigger1-Output_TF1TF2=HRTIM_TIMRESETTRIGGER_MASTER_PER
HRTIM1.RisingValue-Output_TB1TB2=300
HRTIM1.RisingValue-Output_TE1TE2=300
HRTIM1.RisingValue-Output_TF1TF2=300
HRTIM1.SetOutput1_Source1-Output_TB1TB2=HRTIM_OUTPUTSET_TIMCMP1
HRTIM1.SetOutput1_Source1-Output_TE1TE2=HRTIM_OUTPUTSET_TIMCMP1
HRTIM1.SetOutput1_Source1-Output_TF1TF2=HRTIM_OUTPUTSET_TIMCMP1
HRTIM1.UpDownMode-Output_TB1TB2=HRTIM_TIMERUPDOWNMODE_UP
HRTIM1.UpDownMode-Output_TE1TE2=HRTIM_TIMERUPDOWNMODE_UP
HRTIM1.UpDownMode-Output_TF1TF2=HRTIM_TIMERUPDOWNMODE_UP
KeepUserPlacement=false
Mcu.CPN=STM32G474RBT6
Mcu.Family=STM32G4
Mcu.IP0=ADC2
Mcu.IP1=ADC3
Mcu.IP10=TIM6
Mcu.IP2=ADC4
Mcu.IP3=ADC5
Mcu.IP4=DMA
Mcu.IP5=HRTIM1
Mcu.IP6=NVIC
Mcu.IP7=RCC
Mcu.IP8=SYS
Mcu.IP9=TIM5
Mcu.IPNb=11
Mcu.Name=STM32G474R(B-C-E)Tx
Mcu.Package=LQFP64
Mcu.Pin0=PF0-OSC_IN
Mcu.Pin1=PF1-OSC_OUT
Mcu.Pin10=PB14
Mcu.Pin11=PB15
Mcu.Pin12=PC6
Mcu.Pin13=PC7
Mcu.Pin14=PC8
Mcu.Pin15=PC9
Mcu.Pin16=PA8
Mcu.Pin17=PA9
Mcu.Pin18=PA10
Mcu.Pin19=PA11
Mcu.Pin2=PA7
Mcu.Pin20=PA13
Mcu.Pin21=PA14
Mcu.Pin22=PA15
Mcu.Pin23=PC10
Mcu.Pin24=PC11
Mcu.Pin25=PC12
Mcu.Pin26=PB7
Mcu.Pin27=VP_HRTIM1_VS_hrtimMasterTimerNoOutput
Mcu.Pin28=VP_SYS_VS_Systick
Mcu.Pin29=VP_SYS_VS_DBSignals
Mcu.Pin3=PC4
Mcu.Pin30=VP_TIM5_VS_ClockSourceINT
Mcu.Pin31=VP_TIM6_VS_ClockSourceINT
Mcu.Pin32=VP_STMicroelectronics.X-CUBE-ALGOBUILD_VS_DSPOoLibraryJjLibrary_1.4.0_1.4.0
Mcu.Pin4=PC5
Mcu.Pin5=PB0
Mcu.Pin6=PB1
Mcu.Pin7=PB2
Mcu.Pin8=PB12
Mcu.Pin9=PB13
Mcu.PinsNb=33
Mcu.ThirdParty0=STMicroelectronics.X-CUBE-ALGOBUILD.1.4.0
Mcu.ThirdPartyNb=1
Mcu.UserConstants=
Mcu.UserName=STM32G474RBTx
MxCube.Version=6.13.0
MxDb.Version=DB.6.0.130
NVIC.BusFault_IRQn=true\:0\:0\:false\:false\:true\:false\:false\:false
NVIC.DMA1_Channel2_IRQn=true\:0\:0\:false\:false\:true\:false\:true\:true
NVIC.DMA1_Channel3_IRQn=true\:0\:0\:false\:false\:true\:false\:true\:true
NVIC.DMA1_Channel4_IRQn=true\:0\:0\:false\:false\:true\:false\:true\:true
NVIC.DMA1_Channel5_IRQn=true\:0\:0\:false\:false\:true\:false\:true\:true
NVIC.DebugMonitor_IRQn=true\:0\:0\:false\:false\:true\:false\:false\:false
NVIC.ForceEnableDMAVector=true
NVIC.HardFault_IRQn=true\:0\:0\:false\:false\:true\:false\:false\:false
NVIC.MemoryManagement_IRQn=true\:0\:0\:false\:false\:true\:false\:false\:false
NVIC.NonMaskableInt_IRQn=true\:0\:0\:false\:false\:true\:false\:false\:false
NVIC.PendSV_IRQn=true\:0\:0\:false\:false\:true\:false\:false\:false
NVIC.PriorityGroup=NVIC_PRIORITYGROUP_4
NVIC.SVCall_IRQn=true\:0\:0\:false\:false\:true\:false\:false\:false
NVIC.SysTick_IRQn=true\:15\:0\:false\:false\:true\:false\:true\:false
NVIC.TIM5_IRQn=true\:0\:0\:false\:false\:true\:true\:true\:true
NVIC.TIM6_DAC_IRQn=true\:0\:0\:false\:false\:true\:true\:true\:true
NVIC.UsageFault_IRQn=true\:0\:0\:false\:false\:true\:false\:false\:false
PA10.Mode=Output_TB1TB2
PA10.Signal=HRTIM1_CHB1
PA11.Mode=Output_TB1TB2
PA11.Signal=HRTIM1_CHB2
PA13.Mode=Serial_Wire
PA13.Signal=SYS_JTMS-SWDIO
PA14.Mode=Serial_Wire
PA14.Signal=SYS_JTCK-SWCLK
PA15.GPIOParameters=GPIO_Speed,GPIO_PuPd,GPIO_ModeDefaultOutputPP
PA15.GPIO_ModeDefaultOutputPP=GPIO_MODE_OUTPUT_OD
PA15.GPIO_PuPd=GPIO_NOPULL
PA15.GPIO_Speed=GPIO_SPEED_FREQ_MEDIUM
PA15.Locked=true
PA15.Signal=GPIO_Output
PA7.GPIOParameters=GPIO_Label
PA7.GPIO_Label=AC3_V
PA7.Locked=true
PA7.Mode=IN4-Single-Ended
PA7.Signal=ADC2_IN4
PA8.GPIOParameters=GPIO_Label
PA8.GPIO_Label=DC3_I
PA8.Locked=true
PA8.Mode=IN1-Single-Ended
PA8.Signal=ADC5_IN1
PA9.GPIOParameters=GPIO_Label
PA9.GPIO_Label=DC3_V
PA9.Locked=true
PA9.Mode=IN2-Single-Ended
PA9.Signal=ADC5_IN2
PB0.GPIOParameters=GPIO_Label
PB0.GPIO_Label=AC2_I
PB0.Locked=true
PB0.Mode=IN12-Single-Ended
PB0.Signal=ADC3_IN12
PB1.GPIOParameters=GPIO_Label
PB1.GPIO_Label=AC1_V
PB1.Locked=true
PB1.Mode=IN1-Single-Ended
PB1.Signal=ADC3_IN1
PB12.GPIOParameters=GPIO_Label
PB12.GPIO_Label=DC1_I
PB12.Locked=true
PB12.Mode=IN3-Single-Ended
PB12.Signal=ADC4_IN3
PB13.GPIOParameters=GPIO_Label
PB13.GPIO_Label=DC1_V
PB13.Locked=true
PB13.Mode=IN5-Single-Ended
PB13.Signal=ADC3_IN5
PB14.GPIOParameters=GPIO_Label
PB14.GPIO_Label=DC2_I
PB14.Locked=true
PB14.Mode=IN4-Single-Ended
PB14.Signal=ADC4_IN4
PB15.GPIOParameters=GPIO_Label
PB15.GPIO_Label=DC2_V
PB15.Locked=true
PB15.Mode=IN5-Single-Ended
PB15.Signal=ADC4_IN5
PB2.GPIOParameters=GPIO_Label
PB2.GPIO_Label=AC1_I
PB2.Locked=true
PB2.Mode=IN12-Single-Ended
PB2.Signal=ADC2_IN12
PB7.GPIOParameters=GPIO_Speed,GPIO_PuPd,GPIO_ModeDefaultOutputPP
PB7.GPIO_ModeDefaultOutputPP=GPIO_MODE_OUTPUT_OD
PB7.GPIO_PuPd=GPIO_NOPULL
PB7.GPIO_Speed=GPIO_SPEED_FREQ_MEDIUM
PB7.Locked=true
PB7.Signal=GPIO_Output
PC10.GPIOParameters=GPIO_PuPd,GPIO_Label
PC10.GPIO_Label=ADD
PC10.GPIO_PuPd=GPIO_PULLDOWN
PC10.Locked=true
PC10.Signal=GPIO_Input
PC11.GPIOParameters=GPIO_PuPd,GPIO_Label
PC11.GPIO_Label=SUB
PC11.GPIO_PuPd=GPIO_PULLDOWN
PC11.Locked=true
PC11.Signal=GPIO_Input
PC12.GPIOParameters=GPIO_PuPd,GPIO_Label
PC12.GPIO_Label=RESET
PC12.GPIO_PuPd=GPIO_PULLDOWN
PC12.Locked=true
PC12.Signal=GPIO_Input
PC4.GPIOParameters=GPIO_Label
PC4.GPIO_Label=AC3_I
PC4.Locked=true
PC4.Mode=IN5-Single-Ended
PC4.Signal=ADC2_IN5
PC5.GPIOParameters=GPIO_Label
PC5.GPIO_Label=AC2_V
PC5.Locked=true
PC5.Mode=IN11-Single-Ended
PC5.Signal=ADC2_IN11
PC6.Locked=true
PC6.Mode=Output_TF1TF2
PC6.Signal=HRTIM1_CHF1
PC7.Locked=true
PC7.Mode=Output_TF1TF2
PC7.Signal=HRTIM1_CHF2
PC8.Locked=true
PC8.Mode=Output_TE1TE2
PC8.Signal=HRTIM1_CHE1
PC9.Locked=true
PC9.Mode=Output_TE1TE2
PC9.Signal=HRTIM1_CHE2
PF0-OSC_IN.Mode=HSE-External-Oscillator
PF0-OSC_IN.Signal=RCC_OSC_IN
PF1-OSC_OUT.Mode=HSE-External-Oscillator
PF1-OSC_OUT.Signal=RCC_OSC_OUT
PinOutPanel.RotationAngle=0
ProjectManager.AskForMigrate=true
ProjectManager.BackupPrevious=false
ProjectManager.CompilerOptimize=6
ProjectManager.ComputerToolchain=false
ProjectManager.CoupleFile=true
ProjectManager.CustomerFirmwarePackage=
ProjectManager.DefaultFWLocation=true
ProjectManager.DeletePrevious=true
ProjectManager.DeviceId=STM32G474RBTx
ProjectManager.FirmwarePackage=STM32Cube FW_G4 V1.6.1
ProjectManager.FreePins=false
ProjectManager.HalAssertFull=false
ProjectManager.HeapSize=0x2000
ProjectManager.KeepUserCode=true
ProjectManager.LastFirmware=true
ProjectManager.LibraryCopy=1
ProjectManager.MainLocation=Core/Src
ProjectManager.NoMain=false
ProjectManager.PreviousToolchain=
ProjectManager.ProjectBuild=false
ProjectManager.ProjectFileName=Inverter_1.0.ioc
ProjectManager.ProjectName=Inverter_1.0
ProjectManager.ProjectStructure=
ProjectManager.RegisterCallBack=
ProjectManager.StackSize=0x4000
ProjectManager.TargetToolchain=CMake
ProjectManager.ToolChainLocation=
ProjectManager.UAScriptAfterPath=
ProjectManager.UAScriptBeforePath=
ProjectManager.UnderRoot=false
ProjectManager.functionlistsort=1-SystemClock_Config-RCC-false-HAL-false,2-MX_GPIO_Init-GPIO-false-HAL-true,3-MX_DMA_Init-DMA-false-HAL-true,4-MX_ADC2_Init-ADC2-false-HAL-true,5-MX_HRTIM1_Init-HRTIM1-false-HAL-true,6-MX_TIM6_Init-TIM6-false-HAL-true,7-MX_ADC3_Init-ADC3-false-HAL-true,8-MX_ADC4_Init-ADC4-false-HAL-true,9-MX_ADC5_Init-ADC5-false-HAL-true,10-MX_TIM5_Init-TIM5-false-HAL-true
RCC.ADC12Freq_Value=170000000
RCC.ADC345Freq_Value=170000000
RCC.AHBFreq_Value=170000000
RCC.APB1Freq_Value=170000000
RCC.APB1TimFreq_Value=170000000
RCC.APB2Freq_Value=170000000
RCC.APB2TimFreq_Value=170000000
RCC.CRSFreq_Value=48000000
RCC.CortexFreq_Value=170000000
RCC.EXTERNAL_CLOCK_VALUE=12288000
RCC.FCLKCortexFreq_Value=170000000
RCC.FDCANFreq_Value=170000000
RCC.FamilyName=M
RCC.HCLKFreq_Value=170000000
RCC.HSE_VALUE=8000000
RCC.HSI48_VALUE=48000000
RCC.HSI_VALUE=16000000
RCC.I2C1Freq_Value=170000000
RCC.I2C2Freq_Value=170000000
RCC.I2C3Freq_Value=170000000
RCC.I2C4Freq_Value=170000000
RCC.I2SFreq_Value=170000000
RCC.IPParameters=ADC12Freq_Value,ADC345Freq_Value,AHBFreq_Value,APB1Freq_Value,APB1TimFreq_Value,APB2Freq_Value,APB2TimFreq_Value,CRSFreq_Value,CortexFreq_Value,EXTERNAL_CLOCK_VALUE,FCLKCortexFreq_Value,FDCANFreq_Value,FamilyName,HCLKFreq_Value,HSE_VALUE,HSI48_VALUE,HSI_VALUE,I2C1Freq_Value,I2C2Freq_Value,I2C3Freq_Value,I2C4Freq_Value,I2SFreq_Value,LPTIM1Freq_Value,LPUART1Freq_Value,LSCOPinFreq_Value,LSE_VALUE,LSI_VALUE,MCO1PinFreq_Value,PLLM,PLLN,PLLPoutputFreq_Value,PLLQoutputFreq_Value,PLLRCLKFreq_Value,PLLSourceVirtual,PWRFreq_Value,QSPIFreq_Value,RNGFreq_Value,SAI1Freq_Value,SYSCLKFreq_VALUE,SYSCLKSource,UART4Freq_Value,UART5Freq_Value,USART1Freq_Value,USART2Freq_Value,USART3Freq_Value,USBFreq_Value,VCOInputFreq_Value,VCOOutputFreq_Value
RCC.LPTIM1Freq_Value=170000000
RCC.LPUART1Freq_Value=170000000
RCC.LSCOPinFreq_Value=32000
RCC.LSE_VALUE=32768
RCC.LSI_VALUE=32000
RCC.MCO1PinFreq_Value=16000000
RCC.PLLM=RCC_PLLM_DIV2
RCC.PLLN=85
RCC.PLLPoutputFreq_Value=170000000
RCC.PLLQoutputFreq_Value=170000000
RCC.PLLRCLKFreq_Value=170000000
RCC.PLLSourceVirtual=RCC_PLLSOURCE_HSE
RCC.PWRFreq_Value=170000000
RCC.QSPIFreq_Value=170000000
RCC.RNGFreq_Value=170000000
RCC.SAI1Freq_Value=170000000
RCC.SYSCLKFreq_VALUE=170000000
RCC.SYSCLKSource=RCC_SYSCLKSOURCE_PLLCLK
RCC.UART4Freq_Value=170000000
RCC.UART5Freq_Value=170000000
RCC.USART1Freq_Value=170000000
RCC.USART2Freq_Value=170000000
RCC.USART3Freq_Value=170000000
RCC.USBFreq_Value=170000000
RCC.VCOInputFreq_Value=4000000
RCC.VCOOutputFreq_Value=340000000
STMicroelectronics.X-CUBE-ALGOBUILD.1.4.0.DSPOoLibraryJjLibrary_Checked=true
STMicroelectronics.X-CUBE-ALGOBUILD.1.4.0.IPParameters=LibraryCcDSPOoLibraryJjDSPOoLibrary
STMicroelectronics.X-CUBE-ALGOBUILD.1.4.0.LibraryCcDSPOoLibraryJjDSPOoLibrary=true
STMicroelectronics.X-CUBE-ALGOBUILD.1.4.0_SwParameter=LibraryCcDSPOoLibraryJjDSPOoLibrary\:true;
TIM5.IPParameters=Prescaler,PeriodNoDither
TIM5.PeriodNoDither=20000
TIM5.Prescaler=170
TIM6.IPParameters=PeriodNoDither
TIM6.PeriodNoDither=17000-1
VP_HRTIM1_VS_hrtimMasterTimerNoOutput.Mode=MasterTimer
VP_HRTIM1_VS_hrtimMasterTimerNoOutput.Signal=HRTIM1_VS_hrtimMasterTimerNoOutput
VP_STMicroelectronics.X-CUBE-ALGOBUILD_VS_DSPOoLibraryJjLibrary_1.4.0_1.4.0.Mode=DSPOoLibraryJjLibrary
VP_STMicroelectronics.X-CUBE-ALGOBUILD_VS_DSPOoLibraryJjLibrary_1.4.0_1.4.0.Signal=STMicroelectronics.X-CUBE-ALGOBUILD_VS_DSPOoLibraryJjLibrary_1.4.0_1.4.0
VP_SYS_VS_DBSignals.Mode=DisableDeadBatterySignals
VP_SYS_VS_DBSignals.Signal=SYS_VS_DBSignals
VP_SYS_VS_Systick.Mode=SysTick
VP_SYS_VS_Systick.Signal=SYS_VS_Systick
VP_TIM5_VS_ClockSourceINT.Mode=Internal
VP_TIM5_VS_ClockSourceINT.Signal=TIM5_VS_ClockSourceINT
VP_TIM6_VS_ClockSourceINT.Mode=Enable_Timer
VP_TIM6_VS_ClockSourceINT.Signal=TIM6_VS_ClockSourceINT
board=custom
